
Microsoft Visual Studio Solution File, Format Version 12.00
# Visual Studio Version 17
VisualStudioVersion = 17.8.34511.84
MinimumVisualStudioVersion = 10.0.40219.1
Project("{FAE04EC0-301F-11D3-BF4B-00C04F79EFBC}") = "ChallengeApp", "ChallengeApp\ChallengeApp.csproj", "{FEF8A21A-06E6-440D-AB33-1D053217504D}"
EndProject
Global
	GlobalSection(SolutionConfigurationPlatforms) = preSolution
		Debug|Any CPU = Debug|Any CPU
		Release|Any CPU = Release|Any CPU
	EndGlobalSection
	GlobalSection(ProjectConfigurationPlatforms) = postSolution
		{FEF8A21A-06E6-440D-AB33-1D053217504D}.Debug|Any CPU.ActiveCfg = Debug|Any CPU
		{FEF8A21A-06E6-440D-AB33-1D053217504D}.Debug|Any CPU.Build.0 = Debug|Any CPU
		{FEF8A21A-06E6-440D-AB33-1D053217504D}.Release|Any CPU.ActiveCfg = Release|Any CPU
		{FEF8A21A-06E6-440D-AB33-1D053217504D}.Release|Any CPU.Build.0 = Release|Any CPU
	EndGlobalSection
	GlobalSection(SolutionProperties) = preSolution
		HideSolutionNode = FALSE
	EndGlobalSection
	GlobalSection(ExtensibilityGlobals) = postSolution
		SolutionGuid = {122BC688-BA24-41BB-B65E-F4FF43677E09}
	EndGlobalSection
EndGlobal
